Microsoft Visual Studio Solution File, Format Version 8.00
Project("{F184B08F-C81C-45F6-A57F-5ABD9991F28F}") = "Prince", "Prince.vbproj", "{4B256384-3314-46BE-AA5F-BC9A23CC4A29}"
	ProjectSection(ProjectDependencies) = postProject
	EndProjectSection
EndProject
Global
	GlobalSection(SolutionConfiguration) = preSolution
		Debug = Debug
		Release = Release
	EndGlobalSection
	GlobalSection(ProjectConfiguration) = postSolution
		{4B256384-3314-46BE-AA5F-BC9A23CC4A29}.Debug.ActiveCfg = Debug|.NET
		{4B256384-3314-46BE-AA5F-BC9A23CC4A29}.Debug.Build.0 = Debug|.NET
		{4B256384-3314-46BE-AA5F-BC9A23CC4A29}.Release.ActiveCfg = Release|.NET
		{4B256384-3314-46BE-AA5F-BC9A23CC4A29}.Release.Build.0 = Release|.NET
	EndGlobalSection
	GlobalSection(ExtensibilityGlobals) = postSolution
	EndGlobalSection
	GlobalSection(ExtensibilityAddIns) = postSolution
	EndGlobalSection
EndGlobal
